
Microsoft Visual Studio Solution File, Format Version 12.00
# Visual Studio Version 17
VisualStudioVersion = 17.7.34003.232
MinimumVisualStudioVersion = 10.0.40219.1
Project("{FAE04EC0-301F-11D3-BF4B-00C04F79EFBC}") = "ManejoPresupuestos", "ManejoPresupuestos\ManejoPresupuestos.csproj", "{8D5A8412-6EB1-46CB-92B7-3847D21D2BDE}"
EndProject
Global
	GlobalSection(SolutionConfigurationPlatforms) = preSolution
		Debug|Any CPU = Debug|Any CPU
		Release|Any CPU = Release|Any CPU
	EndGlobalSection
	GlobalSection(ProjectConfigurationPlatforms) = postSolution
		{8D5A8412-6EB1-46CB-92B7-3847D21D2BDE}.Debug|Any CPU.ActiveCfg = Debug|Any CPU
		{8D5A8412-6EB1-46CB-92B7-3847D21D2BDE}.Debug|Any CPU.Build.0 = Debug|Any CPU
		{8D5A8412-6EB1-46CB-92B7-3847D21D2BDE}.Release|Any CPU.ActiveCfg = Release|Any CPU
		{8D5A8412-6EB1-46CB-92B7-3847D21D2BDE}.Release|Any CPU.Build.0 = Release|Any CPU
	EndGlobalSection
	GlobalSection(SolutionProperties) = preSolution
		HideSolutionNode = FALSE
	EndGlobalSection
	GlobalSection(ExtensibilityGlobals) = postSolution
		SolutionGuid = {33FB92CB-2565-4F30-93F2-3793DA42F8A2}
	EndGlobalSection
EndGlobal
